
Microsoft Visual Studio Solution File, Format Version 12.00
# Visual Studio Version 17
VisualStudioVersion = 17.10.34928.147
MinimumVisualStudioVersion = 10.0.40219.1
Project("{FAE04EC0-301F-11D3-BF4B-00C04F79EFBC}") = "ManageHotel", "ManageHotel\ManageHotel.csproj", "{BD9FD6C1-ED5F-4773-9772-6071ADF66689}"
EndProject
Project("{FAE04EC0-301F-11D3-BF4B-00C04F79EFBC}") = "LeDucManhWPF", "LeDucManhWPF\LeDucManhWPF.csproj", "{8335560E-DCF6-4709-99E7-D8437F5A7F79}"
EndProject
Global
	GlobalSection(SolutionConfigurationPlatforms) = preSolution
		Debug|Any CPU = Debug|Any CPU
		Release|Any CPU = Release|Any CPU
	EndGlobalSection
	GlobalSection(ProjectConfigurationPlatforms) = postSolution
		{BD9FD6C1-ED5F-4773-9772-6071ADF66689}.Debug|Any CPU.ActiveCfg = Debug|Any CPU
		{BD9FD6C1-ED5F-4773-9772-6071ADF66689}.Debug|Any CPU.Build.0 = Debug|Any CPU
		{BD9FD6C1-ED5F-4773-9772-6071ADF66689}.Release|Any CPU.ActiveCfg = Release|Any CPU
		{BD9FD6C1-ED5F-4773-9772-6071ADF66689}.Release|Any CPU.Build.0 = Release|Any CPU
		{8335560E-DCF6-4709-99E7-D8437F5A7F79}.Debug|Any CPU.ActiveCfg = Debug|Any CPU
		{8335560E-DCF6-4709-99E7-D8437F5A7F79}.Debug|Any CPU.Build.0 = Debug|Any CPU
		{8335560E-DCF6-4709-99E7-D8437F5A7F79}.Release|Any CPU.ActiveCfg = Release|Any CPU
		{8335560E-DCF6-4709-99E7-D8437F5A7F79}.Release|Any CPU.Build.0 = Release|Any CPU
	EndGlobalSection
	GlobalSection(SolutionProperties) = preSolution
		HideSolutionNode = FALSE
	EndGlobalSection
	GlobalSection(ExtensibilityGlobals) = postSolution
		SolutionGuid = {91DA5287-DE0D-46CA-BC1A-CB9979C82444}
	EndGlobalSection
EndGlobal
